
Microsoft Visual Studio Solution File, Format Version 12.00
# Visual Studio 15
Project("{FAE04EC0-301F-11D3-BF4B-00C04F79EFBC}") = "fps.UI", "fps.UI.csproj", "{506E6162-BE65-B583-32D6-FDD781D1A8C4}"
EndProject
Project("{FAE04EC0-301F-11D3-BF4B-00C04F79EFBC}") = "fps.Game", "fps.Game.csproj", "{7FE77DDA-2334-DEFC-B17C-BF60099EDA12}"
EndProject
Project("{FAE04EC0-301F-11D3-BF4B-00C04F79EFBC}") = "Assembly-CSharp-Editor", "Assembly-CSharp-Editor.csproj", "{29006071-F284-83C5-9FEE-A5DAA5C3198D}"
EndProject
Project("{FAE04EC0-301F-11D3-BF4B-00C04F79EFBC}") = "Assembly-CSharp", "Assembly-CSharp.csproj", "{1B362444-8DD8-F8BC-02DA-B1F5E822DA8C}"
EndProject
Project("{FAE04EC0-301F-11D3-BF4B-00C04F79EFBC}") = "NavMeshComponents", "NavMeshComponents.csproj", "{1E071E21-427B-6CA6-053A-7D831C1DDF36}"
EndProject
Project("{FAE04EC0-301F-11D3-BF4B-00C04F79EFBC}") = "fps.AI", "fps.AI.csproj", "{BCFC6823-907B-1BE1-125B-C59CD8C1DED8}"
EndProject
Project("{FAE04EC0-301F-11D3-BF4B-00C04F79EFBC}") = "fps.Gameplay", "fps.Gameplay.csproj", "{E34EE6FB-8C7B-AC3C-04B4-BBF4D34ED4D0}"
EndProject
Project("{FAE04EC0-301F-11D3-BF4B-00C04F79EFBC}") = "Unity.FPS.Tutorials", "Unity.FPS.Tutorials.csproj", "{B6C04CB3-33F2-FB2F-8533-1731C01F4700}"
EndProject
Project("{FAE04EC0-301F-11D3-BF4B-00C04F79EFBC}") = "NavMeshComponentsEditor", "NavMeshComponentsEditor.csproj", "{F9D2FDC5-EB0D-A3EB-218E-D194CBF02194}"
EndProject
Project("{FAE04EC0-301F-11D3-BF4B-00C04F79EFBC}") = "fps.Editor", "fps.Editor.csproj", "{280526D0-BEBF-4DDF-4EDA-EEFE465EA6E4}"
EndProject
Project("{FAE04EC0-301F-11D3-BF4B-00C04F79EFBC}") = "Unity.Microgame.Tutorials", "Unity.Microgame.Tutorials.csproj", "{AC40DA7D-A7F9-4E2E-D312-18CAEAE35A1C}"
EndProject
Global
	GlobalSection(SolutionConfigurationPlatforms) = preSolution
		Debug|Any CPU = Debug|Any CPU
		Release|Any CPU = Release|Any CPU
	EndGlobalSection
	GlobalSection(ProjectConfigurationPlatforms) = postSolution
		{506E6162-BE65-B583-32D6-FDD781D1A8C4}.Debug|Any CPU.ActiveCfg = Debug|Any CPU
		{506E6162-BE65-B583-32D6-FDD781D1A8C4}.Debug|Any CPU.Build.0 = Debug|Any CPU
		{506E6162-BE65-B583-32D6-FDD781D1A8C4}.Release|Any CPU.ActiveCfg = Release|Any CPU
		{506E6162-BE65-B583-32D6-FDD781D1A8C4}.Release|Any CPU.Build.0 = Release|Any CPU
		{7FE77DDA-2334-DEFC-B17C-BF60099EDA12}.Debug|Any CPU.ActiveCfg = Debug|Any CPU
		{7FE77DDA-2334-DEFC-B17C-BF60099EDA12}.Debug|Any CPU.Build.0 = Debug|Any CPU
		{7FE77DDA-2334-DEFC-B17C-BF60099EDA12}.Release|Any CPU.ActiveCfg = Release|Any CPU
		{7FE77DDA-2334-DEFC-B17C-BF60099EDA12}.Release|Any CPU.Build.0 = Release|Any CPU
		{29006071-F284-83C5-9FEE-A5DAA5C3198D}.Debug|Any CPU.ActiveCfg = Debug|Any CPU
		{29006071-F284-83C5-9FEE-A5DAA5C3198D}.Debug|Any CPU.Build.0 = Debug|Any CPU
		{29006071-F284-83C5-9FEE-A5DAA5C3198D}.Release|Any CPU.ActiveCfg = Release|Any CPU
		{29006071-F284-83C5-9FEE-A5DAA5C3198D}.Release|Any CPU.Build.0 = Release|Any CPU
		{1B362444-8DD8-F8BC-02DA-B1F5E822DA8C}.Debug|Any CPU.ActiveCfg = Debug|Any CPU
		{1B362444-8DD8-F8BC-02DA-B1F5E822DA8C}.Debug|Any CPU.Build.0 = Debug|Any CPU
		{1B362444-8DD8-F8BC-02DA-B1F5E822DA8C}.Release|Any CPU.ActiveCfg = Release|Any CPU
		{1B362444-8DD8-F8BC-02DA-B1F5E822DA8C}.Release|Any CPU.Build.0 = Release|Any CPU
		{1E071E21-427B-6CA6-053A-7D831C1DDF36}.Debug|Any CPU.ActiveCfg = Debug|Any CPU
		{1E071E21-427B-6CA6-053A-7D831C1DDF36}.Debug|Any CPU.Build.0 = Debug|Any CPU
		{1E071E21-427B-6CA6-053A-7D831C1DDF36}.Release|Any CPU.ActiveCfg = Release|Any CPU
		{1E071E21-427B-6CA6-053A-7D831C1DDF36}.Release|Any CPU.Build.0 = Release|Any CPU
		{BCFC6823-907B-1BE1-125B-C59CD8C1DED8}.Debug|Any CPU.ActiveCfg = Debug|Any CPU
		{BCFC6823-907B-1BE1-125B-C59CD8C1DED8}.Debug|Any CPU.Build.0 = Debug|Any CPU
		{BCFC6823-907B-1BE1-125B-C59CD8C1DED8}.Release|Any CPU.ActiveCfg = Release|Any CPU
		{BCFC6823-907B-1BE1-125B-C59CD8C1DED8}.Release|Any CPU.Build.0 = Release|Any CPU
		{E34EE6FB-8C7B-AC3C-04B4-BBF4D34ED4D0}.Debug|Any CPU.ActiveCfg = Debug|Any CPU
		{E34EE6FB-8C7B-AC3C-04B4-BBF4D34ED4D0}.Debug|Any CPU.Build.0 = Debug|Any CPU
		{E34EE6FB-8C7B-AC3C-04B4-BBF4D34ED4D0}.Release|Any CPU.ActiveCfg = Release|Any CPU
		{E34EE6FB-8C7B-AC3C-04B4-BBF4D34ED4D0}.Release|Any CPU.Build.0 = Release|Any CPU
		{B6C04CB3-33F2-FB2F-8533-1731C01F4700}.Debug|Any CPU.ActiveCfg = Debug|Any CPU
		{B6C04CB3-33F2-FB2F-8533-1731C01F4700}.Debug|Any CPU.Build.0 = Debug|Any CPU
		{B6C04CB3-33F2-FB2F-8533-1731C01F4700}.Release|Any CPU.ActiveCfg = Release|Any CPU
		{B6C04CB3-33F2-FB2F-8533-1731C01F4700}.Release|Any CPU.Build.0 = Release|Any CPU
		{F9D2FDC5-EB0D-A3EB-218E-D194CBF02194}.Debug|Any CPU.ActiveCfg = Debug|Any CPU
		{F9D2FDC5-EB0D-A3EB-218E-D194CBF02194}.Debug|Any CPU.Build.0 = Debug|Any CPU
		{F9D2FDC5-EB0D-A3EB-218E-D194CBF02194}.Release|Any CPU.ActiveCfg = Release|Any CPU
		{F9D2FDC5-EB0D-A3EB-218E-D194CBF02194}.Release|Any CPU.Build.0 = Release|Any CPU
		{280526D0-BEBF-4DDF-4EDA-EEFE465EA6E4}.Debug|Any CPU.ActiveCfg = Debug|Any CPU
		{280526D0-BEBF-4DDF-4EDA-EEFE465EA6E4}.Debug|Any CPU.Build.0 = Debug|Any CPU
		{280526D0-BEBF-4DDF-4EDA-EEFE465EA6E4}.Release|Any CPU.ActiveCfg = Release|Any CPU
		{280526D0-BEBF-4DDF-4EDA-EEFE465EA6E4}.Release|Any CPU.Build.0 = Release|Any CPU
		{AC40DA7D-A7F9-4E2E-D312-18CAEAE35A1C}.Debug|Any CPU.ActiveCfg = Debug|Any CPU
		{AC40DA7D-A7F9-4E2E-D312-18CAEAE35A1C}.Debug|Any CPU.Build.0 = Debug|Any CPU
		{AC40DA7D-A7F9-4E2E-D312-18CAEAE35A1C}.Release|Any CPU.ActiveCfg = Release|Any CPU
		{AC40DA7D-A7F9-4E2E-D312-18CAEAE35A1C}.Release|Any CPU.Build.0 = Release|Any CPU
	EndGlobalSection
	GlobalSection(SolutionProperties) = preSolution
		HideSolutionNode = FALSE
	EndGlobalSection
EndGlobal
